// !$*UTF8*$!
{
	archiveVersion = 1;
	classes = {
	};
	objectVersion = 50;
	objects = {

/* Begin PBXBuildFile section */
		4F312D8A26CC82E0005C63EF /* AppDelegate.swift in Sources */ = {isa = PBXBuildFile; fileRef = 4F312D8926CC82E0005C63EF /* AppDelegate.swift */; };
		4F312D8C26CC82E0005C63EF /* SceneDelegate.swift in Sources */ = {isa = PBXBuildFile; fileRef = 4F312D8B26CC82E0005C63EF /* SceneDelegate.swift */; };
		4F312D8E26CC82E0005C63EF /* ViewController.swift in Sources */ = {isa = PBXBuildFile; fileRef = 4F312D8D26CC82E0005C63EF /* ViewController.swift */; };
		4F312D9126CC82E0005C63EF /* Main.storyboard in Resources */ = {isa = PBXBuildFile; fileRef = 4F312D8F26CC82E0005C63EF /* Main.storyboard */; };
		4F312D9326CC82E1005C63EF /* Assets.xcassets in Resources */ = {isa = PBXBuildFile; fileRef = 4F312D9226CC82E1005C63EF /* Assets.xcassets */; };
		4F312D9626CC82E1005C63EF /* LaunchScreen.storyboard in Resources */ = {isa = PBXBuildFile; fileRef = 4F312D9426CC82E1005C63EF /* LaunchScreen.storyboard */; };
		4F312DA126CC82E1005C63EF /* ImageCacheSampleTests.swift in Sources */ = {isa = PBXBuildFile; fileRef = 4F312DA026CC82E1005C63EF /* ImageCacheSampleTests.swift */; };
		4F312DAC26CC82E1005C63EF /* ImageCacheSampleUITests.swift in Sources */ = {isa = PBXBuildFile; fileRef = 4F312DAB26CC82E1005C63EF /* ImageCacheSampleUITests.swift */; };
		4F312DBA26CC834A005C63EF /* MyImageChache.swift in Sources */ = {isa = PBXBuildFile; fileRef = 4F312DB926CC834A005C63EF /* MyImageChache.swift */; };
		4F312DBD26CC8912005C63EF /* MyTableViewCell.swift in Sources */ = {isa = PBXBuildFile; fileRef = 4F312DBB26CC8912005C63EF /* MyTableViewCell.swift */; };
		4F312DBE26CC8912005C63EF /* MyTableViewCell.xib in Resources */ = {isa = PBXBuildFile; fileRef = 4F312DBC26CC8912005C63EF /* MyTableViewCell.xib */; };
/* End PBXBuildFile section */

/* Begin PBXContainerItemProxy section */
		4F312D9D26CC82E1005C63EF /* PBXContainerItemProxy */ = {
			isa = PBXContainerItemProxy;
			containerPortal = 4F312D7E26CC82E0005C63EF /* Project object */;
			proxyType = 1;
			remoteGlobalIDString = 4F312D8526CC82E0005C63EF;
			remoteInfo = ImageCacheSample;
		};
		4F312DA826CC82E1005C63EF /* PBXContainerItemProxy */ = {
			isa = PBXContainerItemProxy;
			containerPortal = 4F312D7E26CC82E0005C63EF /* Project object */;
			proxyType = 1;
			remoteGlobalIDString = 4F312D8526CC82E0005C63EF;
			remoteInfo = ImageCacheSample;
		};
/* End PBXContainerItemProxy section */

/* Begin PBXFileReference section */
		4F312D8626CC82E0005C63EF /* ImageCacheSample.app */ = {isa = PBXFileReference; explicitFileType = wrapper.application; includeInIndex = 0; path = ImageCacheSample.app; sourceTree = BUILT_PRODUCTS_DIR; };
		4F312D8926CC82E0005C63EF /* AppDelegate.swift */ = {isa = PBXFileReference; lastKnownFileType = sourcecode.swift; path = AppDelegate.swift; sourceTree = "<group>"; };
		4F312D8B26CC82E0005C63EF /* SceneDelegate.swift */ = {isa = PBXFileReference; lastKnownFileType = sourcecode.swift; path = SceneDelegate.swift; sourceTree = "<group>"; };
		4F312D8D26CC82E0005C63EF /* ViewController.swift */ = {isa = PBXFileReference; lastKnownFileType = sourcecode.swift; path = ViewController.swift; sourceTree = "<group>"; };
		4F312D9026CC82E0005C63EF /* Base */ = {isa = PBXFileReference; lastKnownFileType = file.storyboard; name = Base; path = Base.lproj/Main.storyboard; sourceTree = "<group>"; };
		4F312D9226CC82E1005C63EF /* Assets.xcassets */ = {isa = PBXFileReference; lastKnownFileType = folder.assetcatalog; path = Assets.xcassets; sourceTree = "<group>"; };
		4F312D9526CC82E1005C63EF /* Base */ = {isa = PBXFileReference; lastKnownFileType = file.storyboard; name = Base; path = Base.lproj/LaunchScreen.storyboard; sourceTree = "<group>"; };
		4F312D9726CC82E1005C63EF /* Info.plist */ = {isa = PBXFileReference; lastKnownFileType = text.plist.xml; path = Info.plist; sourceTree = "<group>"; };
		4F312D9C26CC82E1005C63EF /* ImageCacheSampleTests.xctest */ = {isa = PBXFileReference; explicitFileType = wrapper.cfbundle; includeInIndex = 0; path = ImageCacheSampleTests.xctest; sourceTree = BUILT_PRODUCTS_DIR; };
		4F312DA026CC82E1005C63EF /* ImageCacheSampleTests.swift */ = {isa = PBXFileReference; lastKnownFileType = sourcecode.swift; path = ImageCacheSampleTests.swift; sourceTree = "<group>"; };
		4F312DA226CC82E1005C63EF /* Info.plist */ = {isa = PBXFileReference; lastKnownFileType = text.plist.xml; path = Info.plist; sourceTree = "<group>"; };
		4F312DA726CC82E1005C63EF /* ImageCacheSampleUITests.xctest */ = {isa = PBXFileReference; explicitFileType = wrapper.cfbundle; includeInIndex = 0; path = ImageCacheSampleUITests.xctest; sourceTree = BUILT_PRODUCTS_DIR; };
		4F312DAB26CC82E1005C63EF /* ImageCacheSampleUITests.swift */ = {isa = PBXFileReference; lastKnownFileType = sourcecode.swift; path = ImageCacheSampleUITests.swift; sourceTree = "<group>"; };
		4F312DAD26CC82E1005C63EF /* Info.plist */ = {isa = PBXFileReference; lastKnownFileType = text.plist.xml; path = Info.plist; sourceTree = "<group>"; };
		4F312DB926CC834A005C63EF /* MyImageChache.swift */ = {isa = PBXFileReference; lastKnownFileType = sourcecode.swift; path = MyImageChache.swift; sourceTree = "<group>"; };
		4F312DBB26CC8912005C63EF /* MyTableViewCell.swift */ = {isa = PBXFileReference; lastKnownFileType = sourcecode.swift; path = MyTableViewCell.swift; sourceTree = "<group>"; };
		4F312DBC26CC8912005C63EF /* MyTableViewCell.xib */ = {isa = PBXFileReference; lastKnownFileType = file.xib; path = MyTableViewCell.xib; sourceTree = "<group>"; };
/* End PBXFileReference section */

/* Begin PBXFrameworksBuildPhase section */
		4F312D8326CC82E0005C63EF /* Frameworks */ = {
			isa = PBXFrameworksBuildPhase;
			buildActionMask = 2147483647;
			files = (
			);
			runOnlyForDeploymentPostprocessing = 0;
		};
		4F312D9926CC82E1005C63EF /* Frameworks */ = {
			isa = PBXFrameworksBuildPhase;
			buildActionMask = 2147483647;
			files = (
			);
			runOnlyForDeploymentPostprocessing = 0;
		};
		4F312DA426CC82E1005C63EF /* Frameworks */ = {
			isa = PBXFrameworksBuildPhase;
			buildActionMask = 2147483647;
			files = (
			);
			runOnlyForDeploymentPostprocessing = 0;
		};
/* End PBXFrameworksBuildPhase section */

/* Begin PBXGroup section */
		4F312D7D26CC82E0005C63EF = {
			isa = PBXGroup;
			children = (
				4F312D8826CC82E0005C63EF /* ImageCacheSample */,
				4F312D9F26CC82E1005C63EF /* ImageCacheSampleTests */,
				4F312DAA26CC82E1005C63EF /* ImageCacheSampleUITests */,
				4F312D8726CC82E0005C63EF /* Products */,
			);
			sourceTree = "<group>";
		};
		4F312D8726CC82E0005C63EF /* Products */ = {
			isa = PBXGroup;
			children = (
				4F312D8626CC82E0005C63EF /* ImageCacheSample.app */,
				4F312D9C26CC82E1005C63EF /* ImageCacheSampleTests.xctest */,
				4F312DA726CC82E1005C63EF /* ImageCacheSampleUITests.xctest */,
			);
			name = Products;
			sourceTree = "<group>";
		};
		4F312D8826CC82E0005C63EF /* ImageCacheSample */ = {
			isa = PBXGroup;
			children = (
				4F312D8926CC82E0005C63EF /* AppDelegate.swift */,
				4F312D8B26CC82E0005C63EF /* SceneDelegate.swift */,
				4F312D8D26CC82E0005C63EF /* ViewController.swift */,
				4F312D8F26CC82E0005C63EF /* Main.storyboard */,
				4F312D9226CC82E1005C63EF /* Assets.xcassets */,
				4F312D9426CC82E1005C63EF /* LaunchScreen.storyboard */,
				4F312D9726CC82E1005C63EF /* Info.plist */,
				4F312DB926CC834A005C63EF /* MyImageChache.swift */,
				4F312DBB26CC8912005C63EF /* MyTableViewCell.swift */,
				4F312DBC26CC8912005C63EF /* MyTableViewCell.xib */,
			);
			path = ImageCacheSample;
			sourceTree = "<group>";
		};
		4F312D9F26CC82E1005C63EF /* ImageCacheSampleTests */ = {
			isa = PBXGroup;
			children = (
				4F312DA026CC82E1005C63EF /* ImageCacheSampleTests.swift */,
				4F312DA226CC82E1005C63EF /* Info.plist */,
			);
			path = ImageCacheSampleTests;
			sourceTree = "<group>";
		};
		4F312DAA26CC82E1005C63EF /* ImageCacheSampleUITests */ = {
			isa = PBXGroup;
			children = (
				4F312DAB26CC82E1005C63EF /* ImageCacheSampleUITests.swift */,
				4F312DAD26CC82E1005C63EF /* Info.plist */,
			);
			path = ImageCacheSampleUITests;
			sourceTree = "<group>";
		};
/* End PBXGroup section */

/* Begin PBXNativeTarget section */
		4F312D8526CC82E0005C63EF /* ImageCacheSample */ = {
			isa = PBXNativeTarget;
			buildConfigurationList = 4F312DB026CC82E1005C63EF /* Build configuration list for PBXNativeTarget "ImageCacheSample" */;
			buildPhases = (
				4F312D8226CC82E0005C63EF /* Sources */,
				4F312D8326CC82E0005C63EF /* Frameworks */,
				4F312D8426CC82E0005C63EF /* Resources */,
			);
			buildRules = (
			);
			dependencies = (
			);
			name = ImageCacheSample;
			productName = ImageCacheSample;
			productReference = 4F312D8626CC82E0005C63EF /* ImageCacheSample.app */;
			productType = "com.apple.product-type.application";
		};
		4F312D9B26CC82E1005C63EF /* ImageCacheSampleTests */ = {
			isa = PBXNativeTarget;
			buildConfigurationList = 4F312DB326CC82E1005C63EF /* Build configuration list for PBXNativeTarget "ImageCacheSampleTests" */;
			buildPhases = (
				4F312D9826CC82E1005C63EF /* Sources */,
				4F312D9926CC82E1005C63EF /* Frameworks */,
				4F312D9A26CC82E1005C63EF /* Resources */,
			);
			buildRules = (
			);
			dependencies = (
				4F312D9E26CC82E1005C63EF /* PBXTargetDependency */,
			);
			name = ImageCacheSampleTests;
			productName = ImageCacheSampleTests;
			productReference = 4F312D9C26CC82E1005C63EF /* ImageCacheSampleTests.xctest */;
			productType = "com.apple.product-type.bundle.unit-test";
		};
		4F312DA626CC82E1005C63EF /* ImageCacheSampleUITests */ = {
			isa = PBXNativeTarget;
			buildConfigurationList = 4F312DB626CC82E1005C63EF /* Build configuration list for PBXNativeTarget "ImageCacheSampleUITests" */;
			buildPhases = (
				4F312DA326CC82E1005C63EF /* Sources */,
				4F312DA426CC82E1005C63EF /* Frameworks */,
				4F312DA526CC82E1005C63EF /* Resources */,
			);
			buildRules = (
			);
			dependencies = (
				4F312DA926CC82E1005C63EF /* PBXTargetDependency */,
			);
			name = ImageCacheSampleUITests;
			productName = ImageCacheSampleUITests;
			productReference = 4F312DA726CC82E1005C63EF /* ImageCacheSampleUITests.xctest */;
			productType = "com.apple.product-type.bundle.ui-testing";
		};
/* End PBXNativeTarget section */

/* Begin PBXProject section */
		4F312D7E26CC82E0005C63EF /* Project object */ = {
			isa = PBXProject;
			attributes = {
				LastSwiftUpdateCheck = 1250;
				LastUpgradeCheck = 1250;
				TargetAttributes = {
					4F312D8526CC82E0005C63EF = {
						CreatedOnToolsVersion = 12.5.1;
					};
					4F312D9B26CC82E1005C63EF = {
						CreatedOnToolsVersion = 12.5.1;
						TestTargetID = 4F312D8526CC82E0005C63EF;
					};
					4F312DA626CC82E1005C63EF = {
						CreatedOnToolsVersion = 12.5.1;
						TestTargetID = 4F312D8526CC82E0005C63EF;
					};
				};
			};
			buildConfigurationList = 4F312D8126CC82E0005C63EF /* Build configuration list for PBXProject "ImageCacheSample" */;
			compatibilityVersion = "Xcode 9.3";
			developmentRegion = en;
			hasScannedForEncodings = 0;
			knownRegions = (
				en,
				Base,
			);
			mainGroup = 4F312D7D26CC82E0005C63EF;
			productRefGroup = 4F312D8726CC82E0005C63EF /* Products */;
			projectDirPath = "";
			projectRoot = "";
			targets = (
				4F312D8526CC82E0005C63EF /* ImageCacheSample */,
				4F312D9B26CC82E1005C63EF /* ImageCacheSampleTests */,
				4F312DA626CC82E1005C63EF /* ImageCacheSampleUITests */,
			);
		};
/* End PBXProject section */

/* Begin PBXResourcesBuildPhase section */
		4F312D8426CC82E0005C63EF /* Resources */ = {
			isa = PBXResourcesBuildPhase;
			buildActionMask = 2147483647;
			files = (
				4F312D9626CC82E1005C63EF /* LaunchScreen.storyboard in Resources */,
				4F312DBE26CC8912005C63EF /* MyTableViewCell.xib in Resources */,
				4F312D9326CC82E1005C63EF /* Assets.xcassets in Resources */,
				4F312D9126CC82E0005C63EF /* Main.storyboard in Resources */,
			);
			runOnlyForDeploymentPostprocessing = 0;
		};
		4F312D9A26CC82E1005C63EF /* Resources */ = {
			isa = PBXResourcesBuildPhase;
			buildActionMask = 2147483647;
			files = (
			);
			runOnlyForDeploymentPostprocessing = 0;
		};
		4F312DA526CC82E1005C63EF /* Resources */ = {
			isa = PBXResourcesBuildPhase;
			buildActionMask = 2147483647;
			files = (
			);
			runOnlyForDeploymentPostprocessing = 0;
		};
/* End PBXResourcesBuildPhase section */

/* Begin PBXSourcesBuildPhase section */
		4F312D8226CC82E0005C63EF /* Sources */ = {
			isa = PBXSourcesBuildPhase;
			buildActionMask = 2147483647;
			files = (
				4F312D8E26CC82E0005C63EF /* ViewController.swift in Sources */,
				4F312D8A26CC82E0005C63EF /* AppDelegate.swift in Sources */,
				4F312D8C26CC82E0005C63EF /* SceneDelegate.swift in Sources */,
				4F312DBD26CC8912005C63EF /* MyTableViewCell.swift in Sources */,
				4F312DBA26CC834A005C63EF /* MyImageChache.swift in Sources */,
			);
			runOnlyForDeploymentPostprocessing = 0;
		};
		4F312D9826CC82E1005C63EF /* Sources */ = {
			isa = PBXSourcesBuildPhase;
			buildActionMask = 2147483647;
			files = (
				4F312DA126CC82E1005C63EF /* ImageCacheSampleTests.swift in Sources */,
			);
			runOnlyForDeploymentPostprocessing = 0;
		};
		4F312DA326CC82E1005C63EF /* Sources */ = {
			isa = PBXSourcesBuildPhase;
			buildActionMask = 2147483647;
			files = (
				4F312DAC26CC82E1005C63EF /* ImageCacheSampleUITests.swift in Sources */,
			);
			runOnlyForDeploymentPostprocessing = 0;
		};
/* End PBXSourcesBuildPhase section */

/* Begin PBXTargetDependency section */
		4F312D9E26CC82E1005C63EF /* PBXTargetDependency */ = {
			isa = PBXTargetDependency;
			target = 4F312D8526CC82E0005C63EF /* ImageCacheSample */;
			targetProxy = 4F312D9D26CC82E1005C63EF /* PBXContainerItemProxy */;
		};
		4F312DA926CC82E1005C63EF /* PBXTargetDependency */ = {
			isa = PBXTargetDependency;
			target = 4F312D8526CC82E0005C63EF /* ImageCacheSample */;
			targetProxy = 4F312DA826CC82E1005C63EF /* PBXContainerItemProxy */;
		};
/* End PBXTargetDependency section */

/* Begin PBXVariantGroup section */
		4F312D8F26CC82E0005C63EF /* Main.storyboard */ = {
			isa = PBXVariantGroup;
			children = (
				4F312D9026CC82E0005C63EF /* Base */,
			);
			name = Main.storyboard;
			sourceTree = "<group>";
		};
		4F312D9426CC82E1005C63EF /* LaunchScreen.storyboard */ = {
			isa = PBXVariantGroup;
			children = (
				4F312D9526CC82E1005C63EF /* Base */,
			);
			name = LaunchScreen.storyboard;
			sourceTree = "<group>";
		};
/* End PBXVariantGroup section */

/* Begin XCBuildConfiguration section */
		4F312DAE26CC82E1005C63EF /* Debug */ = {
			isa = XCBuildConfiguration;
			buildSettings = {
				ALWAYS_SEARCH_USER_PATHS = NO;
				CLANG_ANALYZER_NONNULL = YES;
				CLANG_ANALYZER_NUMBER_OBJECT_CONVERSION = YES_AGGRESSIVE;
				CLANG_CXX_LANGUAGE_STANDARD = "gnu++14";
				CLANG_CXX_LIBRARY = "libc++";
				CLANG_ENABLE_MODULES = YES;
				CLANG_ENABLE_OBJC_ARC = YES;
				CLANG_ENABLE_OBJC_WEAK = YES;
				CLANG_WARN_BLOCK_CAPTURE_AUTORELEASING = YES;
				CLANG_WARN_BOOL_CONVERSION = YES;
				CLANG_WARN_COMMA = YES;
				CLANG_WARN_CONSTANT_CONVERSION = YES;
				CLANG_WARN_DEPRECATED_OBJC_IMPLEMENTATIONS = YES;
				CLANG_WARN_DIRECT_OBJC_ISA_USAGE = YES_ERROR;
				CLANG_WARN_DOCUMENTATION_COMMENTS = YES;
				CLANG_WARN_EMPTY_BODY = YES;
				CLANG_WARN_ENUM_CONVERSION = YES;
				CLANG_WARN_INFINITE_RECURSION = YES;
				CLANG_WARN_INT_CONVERSION = YES;
				CLANG_WARN_NON_LITERAL_NULL_CONVERSION = YES;
				CLANG_WARN_OBJC_IMPLICIT_RETAIN_SELF = YES;
				CLANG_WARN_OBJC_LITERAL_CONVERSION = YES;
				CLANG_WARN_OBJC_ROOT_CLASS = YES_ERROR;
				CLANG_WARN_QUOTED_INCLUDE_IN_FRAMEWORK_HEADER = YES;
				CLANG_WARN_RANGE_LOOP_ANALYSIS = YES;
				CLANG_WARN_STRICT_PROTOTYPES = YES;
				CLANG_WARN_SUSPICIOUS_MOVE = YES;
				CLANG_WARN_UNGUARDED_AVAILABILITY = YES_AGGRESSIVE;
				CLANG_WARN_UNREACHABLE_CODE = YES;
				CLANG_WARN__DUPLICATE_METHOD_MATCH = YES;
				COPY_PHASE_STRIP = NO;
				DEBUG_INFORMATION_FORMAT = dwarf;
				ENABLE_STRICT_OBJC_MSGSEND = YES;
				ENABLE_TESTABILITY = YES;
				GCC_C_LANGUAGE_STANDARD = gnu11;
				GCC_DYNAMIC_NO_PIC = NO;
				GCC_NO_COMMON_BLOCKS = YES;
				GCC_OPTIMIZATION_LEVEL = 0;
				GCC_PREPROCESSOR_DEFINITIONS = (
					"DEBUG=1",
					"$(inherited)",
				);
				GCC_WARN_64_TO_32_BIT_CONVERSION = YES;
				GCC_WARN_ABOUT_RETURN_TYPE = YES_ERROR;
				GCC_WARN_UNDECLARED_SELECTOR = YES;
				GCC_WARN_UNINITIALIZED_AUTOS = YES_AGGRESSIVE;
				GCC_WARN_UNUSED_FUNCTION = YES;
				GCC_WARN_UNUSED_VARIABLE = YES;
				IPHONEOS_DEPLOYMENT_TARGET = 14.5;
				MTL_ENABLE_DEBUG_INFO = INCLUDE_SOURCE;
				MTL_FAST_MATH = YES;
				ONLY_ACTIVE_ARCH = YES;
				SDKROOT = iphoneos;
				SWIFT_ACTIVE_COMPILATION_CONDITIONS = DEBUG;
				SWIFT_OPTIMIZATION_LEVEL = "-Onone";
			};
			name = Debug;
		};
		4F312DAF26CC82E1005C63EF /* Release */ = {
			isa = XCBuildConfiguration;
			buildSettings = {
				ALWAYS_SEARCH_USER_PATHS = NO;
				CLANG_ANALYZER_NONNULL = YES;
				CLANG_ANALYZER_NUMBER_OBJECT_CONVERSION = YES_AGGRESSIVE;
				CLANG_CXX_LANGUAGE_STANDARD = "gnu++14";
				CLANG_CXX_LIBRARY = "libc++";
				CLANG_ENABLE_MODULES = YES;
				CLANG_ENABLE_OBJC_ARC = YES;
				CLANG_ENABLE_OBJC_WEAK = YES;
				CLANG_WARN_BLOCK_CAPTURE_AUTORELEASING = YES;
				CLANG_WARN_BOOL_CONVERSION = YES;
				CLANG_WARN_COMMA = YES;
				CLANG_WARN_CONSTANT_CONVERSION = YES;
				CLANG_WARN_DEPRECATED_OBJC_IMPLEMENTATIONS = YES;
				CLANG_WARN_DIRECT_OBJC_ISA_USAGE = YES_ERROR;
				CLANG_WARN_DOCUMENTATION_COMMENTS = YES;
				CLANG_WARN_EMPTY_BODY = YES;
				CLANG_WARN_ENUM_CONVERSION = YES;
				CLANG_WARN_INFINITE_RECURSION = YES;
				CLANG_WARN_INT_CONVERSION = YES;
				CLANG_WARN_NON_LITERAL_NULL_CONVERSION = YES;
				CLANG_WARN_OBJC_IMPLICIT_RETAIN_SELF = YES;
				CLANG_WARN_OBJC_LITERAL_CONVERSION = YES;
				CLANG_WARN_OBJC_ROOT_CLASS = YES_ERROR;
				CLANG_WARN_QUOTED_INCLUDE_IN_FRAMEWORK_HEADER = YES;
				CLANG_WARN_RANGE_LOOP_ANALYSIS = YES;
				CLANG_WARN_STRICT_PROTOTYPES = YES;
				CLANG_WARN_SUSPICIOUS_MOVE = YES;
				CLANG_WARN_UNGUARDED_AVAILABILITY = YES_AGGRESSIVE;
				CLANG_WARN_UNREACHABLE_CODE = YES;
				CLANG_WARN__DUPLICATE_METHOD_MATCH = YES;
				COPY_PHASE_STRIP = NO;
				DEBUG_INFORMATION_FORMAT = "dwarf-with-dsym";
				ENABLE_NS_ASSERTIONS = NO;
				ENABLE_STRICT_OBJC_MSGSEND = YES;
				GCC_C_LANGUAGE_STANDARD = gnu11;
				GCC_NO_COMMON_BLOCKS = YES;
				GCC_WARN_64_TO_32_BIT_CONVERSION = YES;
				GCC_WARN_ABOUT_RETURN_TYPE = YES_ERROR;
				GCC_WARN_UNDECLARED_SELECTOR = YES;
				GCC_WARN_UNINITIALIZED_AUTOS = YES_AGGRESSIVE;
				GCC_WARN_UNUSED_FUNCTION = YES;
				GCC_WARN_UNUSED_VARIABLE = YES;
				IPHONEOS_DEPLOYMENT_TARGET = 14.5;
				MTL_ENABLE_DEBUG_INFO = NO;
				MTL_FAST_MATH = YES;
				SDKROOT = iphoneos;
				SWIFT_COMPILATION_MODE = wholemodule;
				SWIFT_OPTIMIZATION_LEVEL = "-O";
				VALIDATE_PRODUCT = YES;
			};
			name = Release;
		};
		4F312DB126CC82E1005C63EF /* Debug */ = {
			isa = XCBuildConfiguration;
			buildSettings = {
				ASSETCATALOG_COMPILER_APPICON_NAME = AppIcon;
				ASSETCATALOG_COMPILER_GLOBAL_ACCENT_COLOR_NAME = AccentColor;
				CODE_SIGN_STYLE = Automatic;
				DEVELOPMENT_TEAM = RXBUP6L48V;
				INFOPLIST_FILE = ImageCacheSample/Info.plist;
				LD_RUNPATH_SEARCH_PATHS = (
					"$(inherited)",
					"@executable_path/Frameworks",
				);
				PRODUCT_BUNDLE_IDENTIFIER = com.hanwe.imageCacheSample;
				PRODUCT_NAME = "$(TARGET_NAME)";
				SWIFT_VERSION = 5.0;
				TARGETED_DEVICE_FAMILY = "1,2";
			};
			name = Debug;
		};
		4F312DB226CC82E1005C63EF /* Release */ = {
			isa = XCBuildConfiguration;
			buildSettings = {
				ASSETCATALOG_COMPILER_APPICON_NAME = AppIcon;
				ASSETCATALOG_COMPILER_GLOBAL_ACCENT_COLOR_NAME = AccentColor;
				CODE_SIGN_STYLE = Automatic;
				DEVELOPMENT_TEAM = RXBUP6L48V;
				INFOPLIST_FILE = ImageCacheSample/Info.plist;
				LD_RUNPATH_SEARCH_PATHS = (
					"$(inherited)",
					"@executable_path/Frameworks",
				);
				PRODUCT_BUNDLE_IDENTIFIER = com.hanwe.imageCacheSample;
				PRODUCT_NAME = "$(TARGET_NAME)";
				SWIFT_VERSION = 5.0;
				TARGETED_DEVICE_FAMILY = "1,2";
			};
			name = Release;
		};
		4F312DB426CC82E1005C63EF /* Debug */ = {
			isa = XCBuildConfiguration;
			buildSettings = {
				ALWAYS_EMBED_SWIFT_STANDARD_LIBRARIES = YES;
				BUNDLE_LOADER = "$(TEST_HOST)";
				CODE_SIGN_STYLE = Automatic;
				DEVELOPMENT_TEAM = RXBUP6L48V;
				INFOPLIST_FILE = ImageCacheSampleTests/Info.plist;
				IPHONEOS_DEPLOYMENT_TARGET = 14.5;
				LD_RUNPATH_SEARCH_PATHS = (
					"$(inherited)",
					"@executable_path/Frameworks",
					"@loader_path/Frameworks",
				);
				PRODUCT_BUNDLE_IDENTIFIER = com.whitehat.CovidVerification.ImageCacheSampleTests;
				PRODUCT_NAME = "$(TARGET_NAME)";
				SWIFT_VERSION = 5.0;
				TARGETED_DEVICE_FAMILY = "1,2";
				TEST_HOST = "$(BUILT_PRODUCTS_DIR)/ImageCacheSample.app/ImageCacheSample";
			};
			name = Debug;
		};
		4F312DB526CC82E1005C63EF /* Release */ = {
			isa = XCBuildConfiguration;
			buildSettings = {
				ALWAYS_EMBED_SWIFT_STANDARD_LIBRARIES = YES;
				BUNDLE_LOADER = "$(TEST_HOST)";
				CODE_SIGN_STYLE = Automatic;
				DEVELOPMENT_TEAM = RXBUP6L48V;
				INFOPLIST_FILE = ImageCacheSampleTests/Info.plist;
				IPHONEOS_DEPLOYMENT_TARGET = 14.5;
				LD_RUNPATH_SEARCH_PATHS = (
					"$(inherited)",
					"@executable_path/Frameworks",
					"@loader_path/Frameworks",
				);
				PRODUCT_BUNDLE_IDENTIFIER = com.whitehat.CovidVerification.ImageCacheSampleTests;
				PRODUCT_NAME = "$(TARGET_NAME)";
				SWIFT_VERSION = 5.0;
				TARGETED_DEVICE_FAMILY = "1,2";
				TEST_HOST = "$(BUILT_PRODUCTS_DIR)/ImageCacheSample.app/ImageCacheSample";
			};
			name = Release;
		};
		4F312DB726CC82E1005C63EF /* Debug */ = {
			isa = XCBuildConfiguration;
			buildSettings = {
				ALWAYS_EMBED_SWIFT_STANDARD_LIBRARIES = YES;
				CODE_SIGN_STYLE = Automatic;
				DEVELOPMENT_TEAM = RXBUP6L48V;
				INFOPLIST_FILE = ImageCacheSampleUITests/Info.plist;
				LD_RUNPATH_SEARCH_PATHS = (
					"$(inherited)",
					"@executable_path/Frameworks",
					"@loader_path/Frameworks",
				);
				PRODUCT_BUNDLE_IDENTIFIER = com.whitehat.CovidVerification.ImageCacheSampleUITests;
				PRODUCT_NAME = "$(TARGET_NAME)";
				SWIFT_VERSION = 5.0;
				TARGETED_DEVICE_FAMILY = "1,2";
				TEST_TARGET_NAME = ImageCacheSample;
			};
			name = Debug;
		};
		4F312DB826CC82E1005C63EF /* Release */ = {
			isa = XCBuildConfiguration;
			buildSettings = {
				ALWAYS_EMBED_SWIFT_STANDARD_LIBRARIES = YES;
				CODE_SIGN_STYLE = Automatic;
				DEVELOPMENT_TEAM = RXBUP6L48V;
				INFOPLIST_FILE = ImageCacheSampleUITests/Info.plist;
				LD_RUNPATH_SEARCH_PATHS = (
					"$(inherited)",
					"@executable_path/Frameworks",
					"@loader_path/Frameworks",
				);
				PRODUCT_BUNDLE_IDENTIFIER = com.whitehat.CovidVerification.ImageCacheSampleUITests;
				PRODUCT_NAME = "$(TARGET_NAME)";
				SWIFT_VERSION = 5.0;
				TARGETED_DEVICE_FAMILY = "1,2";
				TEST_TARGET_NAME = ImageCacheSample;
			};
			name = Release;
		};
/* End XCBuildConfiguration section */

/* Begin XCConfigurationList section */
		4F312D8126CC82E0005C63EF /* Build configuration list for PBXProject "ImageCacheSample" */ = {
			isa = XCConfigurationList;
			buildConfigurations = (
				4F312DAE26CC82E1005C63EF /* Debug */,
				4F312DAF26CC82E1005C63EF /* Release */,
			);
			defaultConfigurationIsVisible = 0;
			defaultConfigurationName = Release;
		};
		4F312DB026CC82E1005C63EF /* Build configuration list for PBXNativeTarget "ImageCacheSample" */ = {
			isa = XCConfigurationList;
			buildConfigurations = (
				4F312DB126CC82E1005C63EF /* Debug */,
				4F312DB226CC82E1005C63EF /* Release */,
			);
			defaultConfigurationIsVisible = 0;
			defaultConfigurationName = Release;
		};
		4F312DB326CC82E1005C63EF /* Build configuration list for PBXNativeTarget "ImageCacheSampleTests" */ = {
			isa = XCConfigurationList;
			buildConfigurations = (
				4F312DB426CC82E1005C63EF /* Debug */,
				4F312DB526CC82E1005C63EF /* Release */,
			);
			defaultConfigurationIsVisible = 0;
			defaultConfigurationName = Release;
		};
		4F312DB626CC82E1005C63EF /* Build configuration list for PBXNativeTarget "ImageCacheSampleUITests" */ = {
			isa = XCConfigurationList;
			buildConfigurations = (
				4F312DB726CC82E1005C63EF /* Debug */,
				4F312DB826CC82E1005C63EF /* Release */,
			);
			defaultConfigurationIsVisible = 0;
			defaultConfigurationName = Release;
		};
/* End XCConfigurationList section */
	};
	rootObject = 4F312D7E26CC82E0005C63EF /* Project object */;
}
